
Microsoft Visual Studio Solution File, Format Version 12.00
# Visual Studio Version 16
VisualStudioVersion = 25.0.1706.12
MinimumVisualStudioVersion = 10.0.40219.1
Project("{FAE04EC0-301F-11D3-BF4B-00C04F79EFBC}") = "mind.API", "mind.API\mind.API.csproj", "{09B8EB39-9DCF-4DB4-9008-221AF099AF0B}"
EndProject
Project("{FAE04EC0-301F-11D3-BF4B-00C04F79EFBC}") = "mind.Core", "mind.Core\mind.Core.csproj", "{6D40BBDE-C828-44FD-A731-0F95268FE9C6}"
EndProject
Project("{FAE04EC0-301F-11D3-BF4B-00C04F79EFBC}") = "mind.Infraestructure", "mind.Infraestructure\mind.Infraestructure.csproj", "{77F9F7EA-AE56-43DF-983C-0FF53B48925A}"
EndProject
Project("{FAE04EC0-301F-11D3-BF4B-00C04F79EFBC}") = "mind.UnitTest", "mind.UnitTest\mind.UnitTest.csproj", "{502F512A-997F-4F46-8040-10A67BCDC1C5}"
EndProject
Global
	GlobalSection(SolutionConfigurationPlatforms) = preSolution
		Debug|Any CPU = Debug|Any CPU
		Release|Any CPU = Release|Any CPU
	EndGlobalSection
	GlobalSection(ProjectConfigurationPlatforms) = postSolution
		{09B8EB39-9DCF-4DB4-9008-221AF099AF0B}.Debug|Any CPU.ActiveCfg = Debug|Any CPU
		{09B8EB39-9DCF-4DB4-9008-221AF099AF0B}.Debug|Any CPU.Build.0 = Debug|Any CPU
		{09B8EB39-9DCF-4DB4-9008-221AF099AF0B}.Release|Any CPU.ActiveCfg = Release|Any CPU
		{09B8EB39-9DCF-4DB4-9008-221AF099AF0B}.Release|Any CPU.Build.0 = Release|Any CPU
		{6D40BBDE-C828-44FD-A731-0F95268FE9C6}.Debug|Any CPU.ActiveCfg = Debug|Any CPU
		{6D40BBDE-C828-44FD-A731-0F95268FE9C6}.Debug|Any CPU.Build.0 = Debug|Any CPU
		{6D40BBDE-C828-44FD-A731-0F95268FE9C6}.Release|Any CPU.ActiveCfg = Release|Any CPU
		{6D40BBDE-C828-44FD-A731-0F95268FE9C6}.Release|Any CPU.Build.0 = Release|Any CPU
		{77F9F7EA-AE56-43DF-983C-0FF53B48925A}.Debug|Any CPU.ActiveCfg = Debug|Any CPU
		{77F9F7EA-AE56-43DF-983C-0FF53B48925A}.Debug|Any CPU.Build.0 = Debug|Any CPU
		{77F9F7EA-AE56-43DF-983C-0FF53B48925A}.Release|Any CPU.ActiveCfg = Release|Any CPU
		{77F9F7EA-AE56-43DF-983C-0FF53B48925A}.Release|Any CPU.Build.0 = Release|Any CPU
		{502F512A-997F-4F46-8040-10A67BCDC1C5}.Debug|Any CPU.ActiveCfg = Debug|Any CPU
		{502F512A-997F-4F46-8040-10A67BCDC1C5}.Debug|Any CPU.Build.0 = Debug|Any CPU
		{502F512A-997F-4F46-8040-10A67BCDC1C5}.Release|Any CPU.ActiveCfg = Release|Any CPU
		{502F512A-997F-4F46-8040-10A67BCDC1C5}.Release|Any CPU.Build.0 = Release|Any CPU
	EndGlobalSection
	GlobalSection(SolutionProperties) = preSolution
		HideSolutionNode = FALSE
	EndGlobalSection
	GlobalSection(ExtensibilityGlobals) = postSolution
		SolutionGuid = {5F054EEE-A827-4C96-9E08-98291DDD9055}
	EndGlobalSection
EndGlobal
